### YamlMime:ManagedReference
items:
- uid: Microsoft.AspNetCore.Authentication.ISystemClock
  commentId: T:Microsoft.AspNetCore.Authentication.ISystemClock
  id: ISystemClock
  parent: Microsoft.AspNetCore.Authentication
  children:
  - Microsoft.AspNetCore.Authentication.ISystemClock.UtcNow
  langs:
  - csharp
  - vb
  name: ISystemClock
  nameWithType: ISystemClock
  fullName: Microsoft.AspNetCore.Authentication.ISystemClock
  type: Interface
  source:
    remote:
      path: src/Microsoft.AspNetCore.Authentication/ISystemClock.cs
      branch: master
      repo: https://github.com/aspnet/Security.git
    id: ISystemClock
    path: src/Microsoft.AspNetCore.Authentication/ISystemClock.cs
    startLine: 11
  assemblies:
  - Microsoft.AspNetCore.Authentication
  namespace: Microsoft.AspNetCore.Authentication
  summary: "\nAbstracts the system clock to facilitate testing.\n"
  example: []
  syntax:
    content: public interface ISystemClock
    content.vb: Public Interface ISystemClock
  modifiers.csharp:
  - public
  - interface
  modifiers.vb:
  - Public
  - Interface
- uid: Microsoft.AspNetCore.Authentication.ISystemClock.UtcNow
  commentId: P:Microsoft.AspNetCore.Authentication.ISystemClock.UtcNow
  id: UtcNow
  parent: Microsoft.AspNetCore.Authentication.ISystemClock
  langs:
  - csharp
  - vb
  name: UtcNow
  nameWithType: ISystemClock.UtcNow
  fullName: Microsoft.AspNetCore.Authentication.ISystemClock.UtcNow
  type: Property
  source:
    remote:
      path: src/Microsoft.AspNetCore.Authentication/ISystemClock.cs
      branch: master
      repo: https://github.com/aspnet/Security.git
    id: UtcNow
    path: src/Microsoft.AspNetCore.Authentication/ISystemClock.cs
    startLine: 16
  assemblies:
  - Microsoft.AspNetCore.Authentication
  namespace: Microsoft.AspNetCore.Authentication
  summary: "\nRetrieves the current system time in UTC.\n"
  example: []
  syntax:
    content: DateTimeOffset UtcNow { get; }
    content.vb: ReadOnly Property UtcNow As DateTimeOffset
    parameters: []
    return:
      type: System.DateTimeOffset
  modifiers.csharp:
  - get
  modifiers.vb:
  - ReadOnly
references:
- uid: Microsoft.AspNetCore.Authentication
  commentId: N:Microsoft.AspNetCore.Authentication
  isExternal: false
  name: Microsoft.AspNetCore.Authentication
  nameWithType: Microsoft.AspNetCore.Authentication
  fullName: Microsoft.AspNetCore.Authentication
- uid: System.DateTimeOffset
  commentId: T:System.DateTimeOffset
  parent: System
  isExternal: true
  name: DateTimeOffset
  nameWithType: DateTimeOffset
  fullName: System.DateTimeOffset
- uid: System
  commentId: N:System
  isExternal: false
  name: System
  nameWithType: System
  fullName: System
