### YamlMime:ManagedReference
items:
- uid: Microsoft.AspNetCore.Authentication.SystemClock
  commentId: T:Microsoft.AspNetCore.Authentication.SystemClock
  id: SystemClock
  parent: Microsoft.AspNetCore.Authentication
  children:
  - Microsoft.AspNetCore.Authentication.SystemClock.UtcNow
  langs:
  - csharp
  - vb
  name: SystemClock
  nameWithType: SystemClock
  fullName: Microsoft.AspNetCore.Authentication.SystemClock
  type: Class
  source:
    remote:
      path: src/Microsoft.AspNetCore.Authentication/SystemClock.cs
      branch: master
      repo: https://github.com/aspnet/Security.git
    id: SystemClock
    path: src/Microsoft.AspNetCore.Authentication/SystemClock.cs
    startLine: 11
  assemblies:
  - Microsoft.AspNetCore.Authentication
  namespace: Microsoft.AspNetCore.Authentication
  summary: "\nProvides access to the normal system clock.\n"
  example: []
  syntax:
    content: 'public class SystemClock : ISystemClock'
    content.vb: >-
      Public Class SystemClock
          Implements ISystemClock
  inheritance:
  - System.Object
  implements:
  - Microsoft.AspNetCore.Authentication.ISystemClock
  inheritedMembers:
  - System.Object.ToString
  - System.Object.Equals(System.Object)
  - System.Object.Equals(System.Object,System.Object)
  - System.Object.ReferenceEquals(System.Object,System.Object)
  - System.Object.GetHashCode
  - System.Object.GetType
  - System.Object.MemberwiseClone
  modifiers.csharp:
  - public
  - class
  modifiers.vb:
  - Public
  - Class
- uid: Microsoft.AspNetCore.Authentication.SystemClock.UtcNow
  commentId: P:Microsoft.AspNetCore.Authentication.SystemClock.UtcNow
  id: UtcNow
  parent: Microsoft.AspNetCore.Authentication.SystemClock
  langs:
  - csharp
  - vb
  name: UtcNow
  nameWithType: SystemClock.UtcNow
  fullName: Microsoft.AspNetCore.Authentication.SystemClock.UtcNow
  type: Property
  source:
    remote:
      path: src/Microsoft.AspNetCore.Authentication/SystemClock.cs
      branch: master
      repo: https://github.com/aspnet/Security.git
    id: UtcNow
    path: src/Microsoft.AspNetCore.Authentication/SystemClock.cs
    startLine: 16
  assemblies:
  - Microsoft.AspNetCore.Authentication
  namespace: Microsoft.AspNetCore.Authentication
  summary: "\nRetrieves the current system time in UTC.\n"
  example: []
  syntax:
    content: public DateTimeOffset UtcNow { get; }
    content.vb: Public ReadOnly Property UtcNow As DateTimeOffset
    parameters: []
    return:
      type: System.DateTimeOffset
  implements:
  - Microsoft.AspNetCore.Authentication.ISystemClock.UtcNow
  modifiers.csharp:
  - public
  - get
  modifiers.vb:
  - Public
  - ReadOnly
references:
- uid: Microsoft.AspNetCore.Authentication
  commentId: N:Microsoft.AspNetCore.Authentication
  isExternal: false
  name: Microsoft.AspNetCore.Authentication
  nameWithType: Microsoft.AspNetCore.Authentication
  fullName: Microsoft.AspNetCore.Authentication
- uid: System.Object
  commentId: T:System.Object
  parent: System
  isExternal: true
  name: Object
  nameWithType: Object
  fullName: System.Object
- uid: Microsoft.AspNetCore.Authentication.ISystemClock
  commentId: T:Microsoft.AspNetCore.Authentication.ISystemClock
  parent: Microsoft.AspNetCore.Authentication
  isExternal: false
  name: ISystemClock
  nameWithType: ISystemClock
  fullName: Microsoft.AspNetCore.Authentication.ISystemClock
- uid: System.Object.ToString
  commentId: M:System.Object.ToString
  parent: System.Object
  isExternal: true
  name: ToString()
  nameWithType: Object.ToString()
  fullName: System.Object.ToString()
  spec.csharp:
  - uid: System.Object.ToString
    name: ToString
    nameWithType: Object.ToString
    fullName: System.Object.ToString
    isExternal: true
  - name: (
    nameWithType: (
    fullName: (
  - name: )
    nameWithType: )
    fullName: )
  spec.vb:
  - uid: System.Object.ToString
    name: ToString
    nameWithType: Object.ToString
    fullName: System.Object.ToString
    isExternal: true
  - name: (
    nameWithType: (
    fullName: (
  - name: )
    nameWithType: )
    fullName: )
- uid: System.Object.Equals(System.Object)
  commentId: M:System.Object.Equals(System.Object)
  parent: System.Object
  isExternal: true
  name: Equals(Object)
  nameWithType: Object.Equals(Object)
  fullName: System.Object.Equals(System.Object)
  spec.csharp:
  - uid: System.Object.Equals(System.Object)
    name: Equals
    nameWithType: Object.Equals
    fullName: System.Object.Equals
    isExternal: true
  - name: (
    nameWithType: (
    fullName: (
  - uid: System.Object
    name: Object
    nameWithType: Object
    fullName: System.Object
    isExternal: true
  - name: )
    nameWithType: )
    fullName: )
  spec.vb:
  - uid: System.Object.Equals(System.Object)
    name: Equals
    nameWithType: Object.Equals
    fullName: System.Object.Equals
    isExternal: true
  - name: (
    nameWithType: (
    fullName: (
  - uid: System.Object
    name: Object
    nameWithType: Object
    fullName: System.Object
    isExternal: true
  - name: )
    nameWithType: )
    fullName: )
- uid: System.Object.Equals(System.Object,System.Object)
  commentId: M:System.Object.Equals(System.Object,System.Object)
  parent: System.Object
  isExternal: true
  name: Equals(Object, Object)
  nameWithType: Object.Equals(Object, Object)
  fullName: System.Object.Equals(System.Object, System.Object)
  spec.csharp:
  - uid: System.Object.Equals(System.Object,System.Object)
    name: Equals
    nameWithType: Object.Equals
    fullName: System.Object.Equals
    isExternal: true
  - name: (
    nameWithType: (
    fullName: (
  - uid: System.Object
    name: Object
    nameWithType: Object
    fullName: System.Object
    isExternal: true
  - name: ', '
    nameWithType: ', '
    fullName: ', '
  - uid: System.Object
    name: Object
    nameWithType: Object
    fullName: System.Object
    isExternal: true
  - name: )
    nameWithType: )
    fullName: )
  spec.vb:
  - uid: System.Object.Equals(System.Object,System.Object)
    name: Equals
    nameWithType: Object.Equals
    fullName: System.Object.Equals
    isExternal: true
  - name: (
    nameWithType: (
    fullName: (
  - uid: System.Object
    name: Object
    nameWithType: Object
    fullName: System.Object
    isExternal: true
  - name: ', '
    nameWithType: ', '
    fullName: ', '
  - uid: System.Object
    name: Object
    nameWithType: Object
    fullName: System.Object
    isExternal: true
  - name: )
    nameWithType: )
    fullName: )
- uid: System.Object.ReferenceEquals(System.Object,System.Object)
  commentId: M:System.Object.ReferenceEquals(System.Object,System.Object)
  parent: System.Object
  isExternal: true
  name: ReferenceEquals(Object, Object)
  nameWithType: Object.ReferenceEquals(Object, Object)
  fullName: System.Object.ReferenceEquals(System.Object, System.Object)
  spec.csharp:
  - uid: System.Object.ReferenceEquals(System.Object,System.Object)
    name: ReferenceEquals
    nameWithType: Object.ReferenceEquals
    fullName: System.Object.ReferenceEquals
    isExternal: true
  - name: (
    nameWithType: (
    fullName: (
  - uid: System.Object
    name: Object
    nameWithType: Object
    fullName: System.Object
    isExternal: true
  - name: ', '
    nameWithType: ', '
    fullName: ', '
  - uid: System.Object
    name: Object
    nameWithType: Object
    fullName: System.Object
    isExternal: true
  - name: )
    nameWithType: )
    fullName: )
  spec.vb:
  - uid: System.Object.ReferenceEquals(System.Object,System.Object)
    name: ReferenceEquals
    nameWithType: Object.ReferenceEquals
    fullName: System.Object.ReferenceEquals
    isExternal: true
  - name: (
    nameWithType: (
    fullName: (
  - uid: System.Object
    name: Object
    nameWithType: Object
    fullName: System.Object
    isExternal: true
  - name: ', '
    nameWithType: ', '
    fullName: ', '
  - uid: System.Object
    name: Object
    nameWithType: Object
    fullName: System.Object
    isExternal: true
  - name: )
    nameWithType: )
    fullName: )
- uid: System.Object.GetHashCode
  commentId: M:System.Object.GetHashCode
  parent: System.Object
  isExternal: true
  name: GetHashCode()
  nameWithType: Object.GetHashCode()
  fullName: System.Object.GetHashCode()
  spec.csharp:
  - uid: System.Object.GetHashCode
    name: GetHashCode
    nameWithType: Object.GetHashCode
    fullName: System.Object.GetHashCode
    isExternal: true
  - name: (
    nameWithType: (
    fullName: (
  - name: )
    nameWithType: )
    fullName: )
  spec.vb:
  - uid: System.Object.GetHashCode
    name: GetHashCode
    nameWithType: Object.GetHashCode
    fullName: System.Object.GetHashCode
    isExternal: true
  - name: (
    nameWithType: (
    fullName: (
  - name: )
    nameWithType: )
    fullName: )
- uid: System.Object.GetType
  commentId: M:System.Object.GetType
  parent: System.Object
  isExternal: true
  name: GetType()
  nameWithType: Object.GetType()
  fullName: System.Object.GetType()
  spec.csharp:
  - uid: System.Object.GetType
    name: GetType
    nameWithType: Object.GetType
    fullName: System.Object.GetType
    isExternal: true
  - name: (
    nameWithType: (
    fullName: (
  - name: )
    nameWithType: )
    fullName: )
  spec.vb:
  - uid: System.Object.GetType
    name: GetType
    nameWithType: Object.GetType
    fullName: System.Object.GetType
    isExternal: true
  - name: (
    nameWithType: (
    fullName: (
  - name: )
    nameWithType: )
    fullName: )
- uid: System.Object.MemberwiseClone
  commentId: M:System.Object.MemberwiseClone
  parent: System.Object
  isExternal: true
  name: MemberwiseClone()
  nameWithType: Object.MemberwiseClone()
  fullName: System.Object.MemberwiseClone()
  spec.csharp:
  - uid: System.Object.MemberwiseClone
    name: MemberwiseClone
    nameWithType: Object.MemberwiseClone
    fullName: System.Object.MemberwiseClone
    isExternal: true
  - name: (
    nameWithType: (
    fullName: (
  - name: )
    nameWithType: )
    fullName: )
  spec.vb:
  - uid: System.Object.MemberwiseClone
    name: MemberwiseClone
    nameWithType: Object.MemberwiseClone
    fullName: System.Object.MemberwiseClone
    isExternal: true
  - name: (
    nameWithType: (
    fullName: (
  - name: )
    nameWithType: )
    fullName: )
- uid: System
  commentId: N:System
  isExternal: false
  name: System
  nameWithType: System
  fullName: System
- uid: Microsoft.AspNetCore.Authentication.ISystemClock.UtcNow
  commentId: P:Microsoft.AspNetCore.Authentication.ISystemClock.UtcNow
  parent: Microsoft.AspNetCore.Authentication.ISystemClock
  isExternal: false
  name: UtcNow
  nameWithType: ISystemClock.UtcNow
  fullName: Microsoft.AspNetCore.Authentication.ISystemClock.UtcNow
- uid: System.DateTimeOffset
  commentId: T:System.DateTimeOffset
  parent: System
  isExternal: true
  name: DateTimeOffset
  nameWithType: DateTimeOffset
  fullName: System.DateTimeOffset
