### YamlMime:ManagedReference
items:
- uid: Microsoft.Extensions.Internal.ISystemClock
  commentId: T:Microsoft.Extensions.Internal.ISystemClock
  id: ISystemClock
  parent: Microsoft.Extensions.Internal
  children:
  - Microsoft.Extensions.Internal.ISystemClock.UtcNow
  langs:
  - csharp
  - vb
  name: ISystemClock
  nameWithType: ISystemClock
  fullName: Microsoft.Extensions.Internal.ISystemClock
  type: Interface
  source:
    remote:
      path: src/Microsoft.Extensions.Caching.Abstractions/Internal/ISystemClock.cs
      branch: master
      repo: https://github.com/aspnet/Caching.git
    id: ISystemClock
    path: src/Microsoft.Extensions.Caching.Abstractions/Internal/ISystemClock.cs
    startLine: 10
  assemblies:
  - Microsoft.Extensions.Caching.Abstractions
  namespace: Microsoft.Extensions.Internal
  summary: "\nAbstracts the system clock to facilitate testing.\n"
  example: []
  syntax:
    content: public interface ISystemClock
    content.vb: Public Interface ISystemClock
  modifiers.csharp:
  - public
  - interface
  modifiers.vb:
  - Public
  - Interface
- uid: Microsoft.Extensions.Internal.ISystemClock.UtcNow
  commentId: P:Microsoft.Extensions.Internal.ISystemClock.UtcNow
  id: UtcNow
  parent: Microsoft.Extensions.Internal.ISystemClock
  langs:
  - csharp
  - vb
  name: UtcNow
  nameWithType: ISystemClock.UtcNow
  fullName: Microsoft.Extensions.Internal.ISystemClock.UtcNow
  type: Property
  source:
    remote:
      path: src/Microsoft.Extensions.Caching.Abstractions/Internal/ISystemClock.cs
      branch: master
      repo: https://github.com/aspnet/Caching.git
    id: UtcNow
    path: src/Microsoft.Extensions.Caching.Abstractions/Internal/ISystemClock.cs
    startLine: 15
  assemblies:
  - Microsoft.Extensions.Caching.Abstractions
  namespace: Microsoft.Extensions.Internal
  summary: "\nRetrieves the current system time in UTC.\n"
  example: []
  syntax:
    content: DateTimeOffset UtcNow { get; }
    content.vb: ReadOnly Property UtcNow As DateTimeOffset
    parameters: []
    return:
      type: System.DateTimeOffset
  modifiers.csharp:
  - get
  modifiers.vb:
  - ReadOnly
references:
- uid: Microsoft.Extensions.Internal
  commentId: N:Microsoft.Extensions.Internal
  isExternal: false
  name: Microsoft.Extensions.Internal
  nameWithType: Microsoft.Extensions.Internal
  fullName: Microsoft.Extensions.Internal
- uid: System.DateTimeOffset
  commentId: T:System.DateTimeOffset
  parent: System
  isExternal: true
  name: DateTimeOffset
  nameWithType: DateTimeOffset
  fullName: System.DateTimeOffset
- uid: System
  commentId: N:System
  isExternal: false
  name: System
  nameWithType: System
  fullName: System
