### YamlMime:ManagedReference
items:
- uid: Microsoft.Extensions.Internal.SystemClock
  commentId: T:Microsoft.Extensions.Internal.SystemClock
  id: SystemClock
  parent: Microsoft.Extensions.Internal
  children:
  - Microsoft.Extensions.Internal.SystemClock.UtcNow
  langs:
  - csharp
  - vb
  name: SystemClock
  nameWithType: SystemClock
  fullName: Microsoft.Extensions.Internal.SystemClock
  type: Class
  source:
    remote:
      path: src/Microsoft.Extensions.Caching.Abstractions/Internal/SystemClock.cs
      branch: master
      repo: https://github.com/aspnet/Caching.git
    id: SystemClock
    path: ../aspnet/Caching/src/Microsoft.Extensions.Caching.Abstractions/Internal/SystemClock.cs
    startLine: 10
  assemblies:
  - Microsoft.Extensions.Caching.Abstractions
  namespace: Microsoft.Extensions.Internal
  summary: "\nProvides access to the normal system clock.\n"
  example: []
  syntax:
    content: 'public class SystemClock : object, ISystemClock'
    content.vb: >-
      Public Class SystemClock
          Inherits Object
          Implements ISystemClock
  inheritance:
  - System.Object
  implements:
  - Microsoft.Extensions.Internal.ISystemClock
  modifiers.csharp:
  - public
  - class
  modifiers.vb:
  - Public
  - Class
- uid: Microsoft.Extensions.Internal.SystemClock.UtcNow
  commentId: P:Microsoft.Extensions.Internal.SystemClock.UtcNow
  id: UtcNow
  parent: Microsoft.Extensions.Internal.SystemClock
  langs:
  - csharp
  - vb
  name: UtcNow
  nameWithType: SystemClock.UtcNow
  fullName: Microsoft.Extensions.Internal.SystemClock.UtcNow
  type: Property
  source:
    remote:
      path: src/Microsoft.Extensions.Caching.Abstractions/Internal/SystemClock.cs
      branch: master
      repo: https://github.com/aspnet/Caching.git
    id: UtcNow
    path: ../aspnet/Caching/src/Microsoft.Extensions.Caching.Abstractions/Internal/SystemClock.cs
    startLine: 15
  assemblies:
  - Microsoft.Extensions.Caching.Abstractions
  namespace: Microsoft.Extensions.Internal
  summary: "\nRetrieves the current system time in UTC.\n"
  example: []
  syntax:
    content: public DateTimeOffset UtcNow { get; }
    parameters: []
    return:
      type: DateTimeOffset
    content.vb: Public ReadOnly Property UtcNow As DateTimeOffset
  overload: Microsoft.Extensions.Internal.SystemClock.UtcNow*
  implements:
  - Microsoft.Extensions.Internal.ISystemClock.UtcNow
  modifiers.csharp:
  - public
  - get
  modifiers.vb:
  - Public
  - ReadOnly
references:
- uid: Microsoft.Extensions.Internal
  commentId: N:Microsoft.Extensions.Internal
  isExternal: false
  name: Microsoft.Extensions.Internal
  nameWithType: Microsoft.Extensions.Internal
  fullName: Microsoft.Extensions.Internal
- uid: System.Object
  commentId: T:System.Object
  parent: System
  isExternal: true
  name: Object
  nameWithType: Object
  fullName: System.Object
- uid: Microsoft.Extensions.Internal.ISystemClock
  commentId: T:Microsoft.Extensions.Internal.ISystemClock
  parent: Microsoft.Extensions.Internal
  isExternal: false
  name: ISystemClock
  nameWithType: ISystemClock
  fullName: Microsoft.Extensions.Internal.ISystemClock
- uid: System
  commentId: N:System
  isExternal: false
  name: System
  nameWithType: System
  fullName: System
- uid: Microsoft.Extensions.Internal.SystemClock.UtcNow*
  commentId: Overload:Microsoft.Extensions.Internal.SystemClock.UtcNow
  isExternal: false
  name: UtcNow
  nameWithType: SystemClock.UtcNow
  fullName: Microsoft.Extensions.Internal.SystemClock.UtcNow
- uid: Microsoft.Extensions.Internal.ISystemClock.UtcNow
  commentId: P:Microsoft.Extensions.Internal.ISystemClock.UtcNow
  parent: Microsoft.Extensions.Internal.ISystemClock
  isExternal: false
  name: UtcNow
  nameWithType: ISystemClock.UtcNow
  fullName: Microsoft.Extensions.Internal.ISystemClock.UtcNow
- uid: DateTimeOffset
  isExternal: true
  name: DateTimeOffset
  nameWithType: DateTimeOffset
  fullName: DateTimeOffset
shouldSkipMarkup: true
